// !$*UTF8*$!
{
	archiveVersion = 1;
	classes = {
	};
	objectVersion = 50;
	objects = {

/* Begin PBXBuildFile section */
		8D55AA9822C02B5B003DA3AD /* AppDelegate.swift in Sources */ = {isa = PBXBuildFile; fileRef = 8D55AA9722C02B5B003DA3AD /* AppDelegate.swift */; };
		8D55AA9A22C02B5B003DA3AD /* SceneDelegate.swift in Sources */ = {isa = PBXBuildFile; fileRef = 8D55AA9922C02B5B003DA3AD /* SceneDelegate.swift */; };
		8D55AA9C22C02B5B003DA3AD /* ContentView.swift in Sources */ = {isa = PBXBuildFile; fileRef = 8D55AA9B22C02B5B003DA3AD /* ContentView.swift */; };
		8D55AA9E22C02B5C003DA3AD /* Assets.xcassets in Resources */ = {isa = PBXBuildFile; fileRef = 8D55AA9D22C02B5C003DA3AD /* Assets.xcassets */; };
		8D55AAA122C02B5C003DA3AD /* Preview Assets.xcassets in Resources */ = {isa = PBXBuildFile; fileRef = 8D55AAA022C02B5C003DA3AD /* Preview Assets.xcassets */; };
		8D55AAA422C02B5C003DA3AD /* LaunchScreen.storyboard in Resources */ = {isa = PBXBuildFile; fileRef = 8D55AAA222C02B5C003DA3AD /* LaunchScreen.storyboard */; };
		8D55AAAD22C033A5003DA3AD /* Card.swift in Sources */ = {isa = PBXBuildFile; fileRef = 8D55AAAC22C033A5003DA3AD /* Card.swift */; };
		8D6201DA22C05A44001C4D2E /* CardBack.swift in Sources */ = {isa = PBXBuildFile; fileRef = 8D6201D922C05A44001C4D2E /* CardBack.swift */; };
		8D6201DC22C05AA4001C4D2E /* Card in Resources */ = {isa = PBXBuildFile; fileRef = 8D6201DB22C05AA4001C4D2E /* Card */; };
/* End PBXBuildFile section */

/* Begin PBXFileReference section */
		8D55AA9422C02B5B003DA3AD /* Gestures-Demo.app */ = {isa = PBXFileReference; explicitFileType = wrapper.application; includeInIndex = 0; path = "Gestures-Demo.app"; sourceTree = BUILT_PRODUCTS_DIR; };
		8D55AA9722C02B5B003DA3AD /* AppDelegate.swift */ = {isa = PBXFileReference; lastKnownFileType = sourcecode.swift; path = AppDelegate.swift; sourceTree = "<group>"; };
		8D55AA9922C02B5B003DA3AD /* SceneDelegate.swift */ = {isa = PBXFileReference; lastKnownFileType = sourcecode.swift; path = SceneDelegate.swift; sourceTree = "<group>"; };
		8D55AA9B22C02B5B003DA3AD /* ContentView.swift */ = {isa = PBXFileReference; lastKnownFileType = sourcecode.swift; path = ContentView.swift; sourceTree = "<group>"; };
		8D55AA9D22C02B5C003DA3AD /* Assets.xcassets */ = {isa = PBXFileReference; lastKnownFileType = folder.assetcatalog; path = Assets.xcassets; sourceTree = "<group>"; };
		8D55AAA022C02B5C003DA3AD /* Preview Assets.xcassets */ = {isa = PBXFileReference; lastKnownFileType = folder.assetcatalog; path = "Preview Assets.xcassets"; sourceTree = "<group>"; };
		8D55AAA322C02B5C003DA3AD /* Base */ = {isa = PBXFileReference; lastKnownFileType = file.storyboard; name = Base; path = Base.lproj/LaunchScreen.storyboard; sourceTree = "<group>"; };
		8D55AAA522C02B5C003DA3AD /* Info.plist */ = {isa = PBXFileReference; lastKnownFileType = text.plist.xml; path = Info.plist; sourceTree = "<group>"; };
		8D55AAAC22C033A5003DA3AD /* Card.swift */ = {isa = PBXFileReference; lastKnownFileType = sourcecode.swift; path = Card.swift; sourceTree = "<group>"; };
		8D6201D922C05A44001C4D2E /* CardBack.swift */ = {isa = PBXFileReference; lastKnownFileType = sourcecode.swift; path = CardBack.swift; sourceTree = "<group>"; };
		8D6201DB22C05AA4001C4D2E /* Card */ = {isa = PBXFileReference; lastKnownFileType = text; path = Card; sourceTree = "<group>"; };
/* End PBXFileReference section */

/* Begin PBXFrameworksBuildPhase section */
		8D55AA9122C02B5B003DA3AD /* Frameworks */ = {
			isa = PBXFrameworksBuildPhase;
			buildActionMask = 2147483647;
			files = (
			);
			runOnlyForDeploymentPostprocessing = 0;
		};
/* End PBXFrameworksBuildPhase section */

/* Begin PBXGroup section */
		8D55AA8B22C02B5B003DA3AD = {
			isa = PBXGroup;
			children = (
				8D55AA9622C02B5B003DA3AD /* Gestures-Demo */,
				8D55AA9522C02B5B003DA3AD /* Products */,
			);
			sourceTree = "<group>";
		};
		8D55AA9522C02B5B003DA3AD /* Products */ = {
			isa = PBXGroup;
			children = (
				8D55AA9422C02B5B003DA3AD /* Gestures-Demo.app */,
			);
			name = Products;
			sourceTree = "<group>";
		};
		8D55AA9622C02B5B003DA3AD /* Gestures-Demo */ = {
			isa = PBXGroup;
			children = (
				8D55AAAB22C03399003DA3AD /* Views */,
				8D55AA9722C02B5B003DA3AD /* AppDelegate.swift */,
				8D55AA9922C02B5B003DA3AD /* SceneDelegate.swift */,
				8D55AA9B22C02B5B003DA3AD /* ContentView.swift */,
				8D55AA9D22C02B5C003DA3AD /* Assets.xcassets */,
				8D55AAA222C02B5C003DA3AD /* LaunchScreen.storyboard */,
				8D55AAA522C02B5C003DA3AD /* Info.plist */,
				8D55AA9F22C02B5C003DA3AD /* Preview Content */,
				8D6201DB22C05AA4001C4D2E /* Card */,
			);
			path = "Gestures-Demo";
			sourceTree = "<group>";
		};
		8D55AA9F22C02B5C003DA3AD /* Preview Content */ = {
			isa = PBXGroup;
			children = (
				8D55AAA022C02B5C003DA3AD /* Preview Assets.xcassets */,
			);
			path = "Preview Content";
			sourceTree = "<group>";
		};
		8D55AAAB22C03399003DA3AD /* Views */ = {
			isa = PBXGroup;
			children = (
				8D55AAAC22C033A5003DA3AD /* Card.swift */,
				8D6201D922C05A44001C4D2E /* CardBack.swift */,
			);
			path = Views;
			sourceTree = "<group>";
		};
/* End PBXGroup section */

/* Begin PBXNativeTarget section */
		8D55AA9322C02B5B003DA3AD /* Gestures-Demo */ = {
			isa = PBXNativeTarget;
			buildConfigurationList = 8D55AAA822C02B5C003DA3AD /* Build configuration list for PBXNativeTarget "Gestures-Demo" */;
			buildPhases = (
				8D55AA9022C02B5B003DA3AD /* Sources */,
				8D55AA9122C02B5B003DA3AD /* Frameworks */,
				8D55AA9222C02B5B003DA3AD /* Resources */,
			);
			buildRules = (
			);
			dependencies = (
			);
			name = "Gestures-Demo";
			productName = "Gestures-Demo";
			productReference = 8D55AA9422C02B5B003DA3AD /* Gestures-Demo.app */;
			productType = "com.apple.product-type.application";
		};
/* End PBXNativeTarget section */

/* Begin PBXProject section */
		8D55AA8C22C02B5B003DA3AD /* Project object */ = {
			isa = PBXProject;
			attributes = {
				LastSwiftUpdateCheck = 1100;
				LastUpgradeCheck = 1100;
				ORGANIZATIONNAME = "Mohammad Azam";
				TargetAttributes = {
					8D55AA9322C02B5B003DA3AD = {
						CreatedOnToolsVersion = 11.0;
					};
				};
			};
			buildConfigurationList = 8D55AA8F22C02B5B003DA3AD /* Build configuration list for PBXProject "Gestures-Demo" */;
			compatibilityVersion = "Xcode 9.3";
			developmentRegion = en;
			hasScannedForEncodings = 0;
			knownRegions = (
				en,
				Base,
			);
			mainGroup = 8D55AA8B22C02B5B003DA3AD;
			productRefGroup = 8D55AA9522C02B5B003DA3AD /* Products */;
			projectDirPath = "";
			projectRoot = "";
			targets = (
				8D55AA9322C02B5B003DA3AD /* Gestures-Demo */,
			);
		};
/* End PBXProject section */

/* Begin PBXResourcesBuildPhase section */
		8D55AA9222C02B5B003DA3AD /* Resources */ = {
			isa = PBXResourcesBuildPhase;
			buildActionMask = 2147483647;
			files = (
				8D55AAA422C02B5C003DA3AD /* LaunchScreen.storyboard in Resources */,
				8D55AAA122C02B5C003DA3AD /* Preview Assets.xcassets in Resources */,
				8D6201DC22C05AA4001C4D2E /* Card in Resources */,
				8D55AA9E22C02B5C003DA3AD /* Assets.xcassets in Resources */,
			);
			runOnlyForDeploymentPostprocessing = 0;
		};
/* End PBXResourcesBuildPhase section */

/* Begin PBXSourcesBuildPhase section */
		8D55AA9022C02B5B003DA3AD /* Sources */ = {
			isa = PBXSourcesBuildPhase;
			buildActionMask = 2147483647;
			files = (
				8D55AA9822C02B5B003DA3AD /* AppDelegate.swift in Sources */,
				8D55AA9A22C02B5B003DA3AD /* SceneDelegate.swift in Sources */,
				8D55AA9C22C02B5B003DA3AD /* ContentView.swift in Sources */,
				8D6201DA22C05A44001C4D2E /* CardBack.swift in Sources */,
				8D55AAAD22C033A5003DA3AD /* Card.swift in Sources */,
			);
			runOnlyForDeploymentPostprocessing = 0;
		};
/* End PBXSourcesBuildPhase section */

/* Begin PBXVariantGroup section */
		8D55AAA222C02B5C003DA3AD /* LaunchScreen.storyboard */ = {
			isa = PBXVariantGroup;
			children = (
				8D55AAA322C02B5C003DA3AD /* Base */,
			);
			name = LaunchScreen.storyboard;
			sourceTree = "<group>";
		};
/* End PBXVariantGroup section */

/* Begin XCBuildConfiguration section */
		8D55AAA622C02B5C003DA3AD /* Debug */ = {
			isa = XCBuildConfiguration;
			buildSettings = {
				ALWAYS_SEARCH_USER_PATHS = NO;
				CLANG_ANALYZER_NONNULL = YES;
				CLANG_ANALYZER_NUMBER_OBJECT_CONVERSION = YES_AGGRESSIVE;
				CLANG_CXX_LANGUAGE_STANDARD = "gnu++14";
				CLANG_CXX_LIBRARY = "libc++";
				CLANG_ENABLE_MODULES = YES;
				CLANG_ENABLE_OBJC_ARC = YES;
				CLANG_ENABLE_OBJC_WEAK = YES;
				CLANG_WARN_BLOCK_CAPTURE_AUTORELEASING = YES;
				CLANG_WARN_BOOL_CONVERSION = YES;
				CLANG_WARN_COMMA = YES;
				CLANG_WARN_CONSTANT_CONVERSION = YES;
				CLANG_WARN_DEPRECATED_OBJC_IMPLEMENTATIONS = YES;
				CLANG_WARN_DIRECT_OBJC_ISA_USAGE = YES_ERROR;
				CLANG_WARN_DOCUMENTATION_COMMENTS = YES;
				CLANG_WARN_EMPTY_BODY = YES;
				CLANG_WARN_ENUM_CONVERSION = YES;
				CLANG_WARN_INFINITE_RECURSION = YES;
				CLANG_WARN_INT_CONVERSION = YES;
				CLANG_WARN_NON_LITERAL_NULL_CONVERSION = YES;
				CLANG_WARN_OBJC_IMPLICIT_RETAIN_SELF = YES;
				CLANG_WARN_OBJC_LITERAL_CONVERSION = YES;
				CLANG_WARN_OBJC_ROOT_CLASS = YES_ERROR;
				CLANG_WARN_RANGE_LOOP_ANALYSIS = YES;
				CLANG_WARN_STRICT_PROTOTYPES = YES;
				CLANG_WARN_SUSPICIOUS_MOVE = YES;
				CLANG_WARN_UNGUARDED_AVAILABILITY = YES_AGGRESSIVE;
				CLANG_WARN_UNREACHABLE_CODE = YES;
				CLANG_WARN__DUPLICATE_METHOD_MATCH = YES;
				COPY_PHASE_STRIP = NO;
				DEBUG_INFORMATION_FORMAT = dwarf;
				ENABLE_STRICT_OBJC_MSGSEND = YES;
				ENABLE_TESTABILITY = YES;
				GCC_C_LANGUAGE_STANDARD = gnu11;
				GCC_DYNAMIC_NO_PIC = NO;
				GCC_NO_COMMON_BLOCKS = YES;
				GCC_OPTIMIZATION_LEVEL = 0;
				GCC_PREPROCESSOR_DEFINITIONS = (
					"DEBUG=1",
					"$(inherited)",
				);
				GCC_WARN_64_TO_32_BIT_CONVERSION = YES;
				GCC_WARN_ABOUT_RETURN_TYPE = YES_ERROR;
				GCC_WARN_UNDECLARED_SELECTOR = YES;
				GCC_WARN_UNINITIALIZED_AUTOS = YES_AGGRESSIVE;
				GCC_WARN_UNUSED_FUNCTION = YES;
				GCC_WARN_UNUSED_VARIABLE = YES;
				IPHONEOS_DEPLOYMENT_TARGET = 13.0;
				MTL_ENABLE_DEBUG_INFO = INCLUDE_SOURCE;
				MTL_FAST_MATH = YES;
				ONLY_ACTIVE_ARCH = YES;
				SDKROOT = iphoneos;
				SWIFT_ACTIVE_COMPILATION_CONDITIONS = DEBUG;
				SWIFT_OPTIMIZATION_LEVEL = "-Onone";
			};
			name = Debug;
		};
		8D55AAA722C02B5C003DA3AD /* Release */ = {
			isa = XCBuildConfiguration;
			buildSettings = {
				ALWAYS_SEARCH_USER_PATHS = NO;
				CLANG_ANALYZER_NONNULL = YES;
				CLANG_ANALYZER_NUMBER_OBJECT_CONVERSION = YES_AGGRESSIVE;
				CLANG_CXX_LANGUAGE_STANDARD = "gnu++14";
				CLANG_CXX_LIBRARY = "libc++";
				CLANG_ENABLE_MODULES = YES;
				CLANG_ENABLE_OBJC_ARC = YES;
				CLANG_ENABLE_OBJC_WEAK = YES;
				CLANG_WARN_BLOCK_CAPTURE_AUTORELEASING = YES;
				CLANG_WARN_BOOL_CONVERSION = YES;
				CLANG_WARN_COMMA = YES;
				CLANG_WARN_CONSTANT_CONVERSION = YES;
				CLANG_WARN_DEPRECATED_OBJC_IMPLEMENTATIONS = YES;
				CLANG_WARN_DIRECT_OBJC_ISA_USAGE = YES_ERROR;
				CLANG_WARN_DOCUMENTATION_COMMENTS = YES;
				CLANG_WARN_EMPTY_BODY = YES;
				CLANG_WARN_ENUM_CONVERSION = YES;
				CLANG_WARN_INFINITE_RECURSION = YES;
				CLANG_WARN_INT_CONVERSION = YES;
				CLANG_WARN_NON_LITERAL_NULL_CONVERSION = YES;
				CLANG_WARN_OBJC_IMPLICIT_RETAIN_SELF = YES;
				CLANG_WARN_OBJC_LITERAL_CONVERSION = YES;
				CLANG_WARN_OBJC_ROOT_CLASS = YES_ERROR;
				CLANG_WARN_RANGE_LOOP_ANALYSIS = YES;
				CLANG_WARN_STRICT_PROTOTYPES = YES;
				CLANG_WARN_SUSPICIOUS_MOVE = YES;
				CLANG_WARN_UNGUARDED_AVAILABILITY = YES_AGGRESSIVE;
				CLANG_WARN_UNREACHABLE_CODE = YES;
				CLANG_WARN__DUPLICATE_METHOD_MATCH = YES;
				COPY_PHASE_STRIP = NO;
				DEBUG_INFORMATION_FORMAT = "dwarf-with-dsym";
				ENABLE_NS_ASSERTIONS = NO;
				ENABLE_STRICT_OBJC_MSGSEND = YES;
				GCC_C_LANGUAGE_STANDARD = gnu11;
				GCC_NO_COMMON_BLOCKS = YES;
				GCC_WARN_64_TO_32_BIT_CONVERSION = YES;
				GCC_WARN_ABOUT_RETURN_TYPE = YES_ERROR;
				GCC_WARN_UNDECLARED_SELECTOR = YES;
				GCC_WARN_UNINITIALIZED_AUTOS = YES_AGGRESSIVE;
				GCC_WARN_UNUSED_FUNCTION = YES;
				GCC_WARN_UNUSED_VARIABLE = YES;
				IPHONEOS_DEPLOYMENT_TARGET = 13.0;
				MTL_ENABLE_DEBUG_INFO = NO;
				MTL_FAST_MATH = YES;
				SDKROOT = iphoneos;
				SWIFT_COMPILATION_MODE = wholemodule;
				SWIFT_OPTIMIZATION_LEVEL = "-O";
				VALIDATE_PRODUCT = YES;
			};
			name = Release;
		};
		8D55AAA922C02B5C003DA3AD /* Debug */ = {
			isa = XCBuildConfiguration;
			buildSettings = {
				ASSETCATALOG_COMPILER_APPICON_NAME = AppIcon;
				CODE_SIGN_STYLE = Automatic;
				DEVELOPMENT_ASSET_PATHS = "Gestures-Demo/Preview\\ Content";
				DEVELOPMENT_TEAM = B2Q8EGNCQA;
				ENABLE_PREVIEWS = YES;
				INFOPLIST_FILE = "Gestures-Demo/Info.plist";
				LD_RUNPATH_SEARCH_PATHS = (
					"$(inherited)",
					"@executable_path/Frameworks",
				);
				PRODUCT_BUNDLE_IDENTIFIER = "com.azamsharp.Gestures-Demo";
				PRODUCT_NAME = "$(TARGET_NAME)";
				SWIFT_VERSION = 5.0;
				TARGETED_DEVICE_FAMILY = "1,2";
			};
			name = Debug;
		};
		8D55AAAA22C02B5C003DA3AD /* Release */ = {
			isa = XCBuildConfiguration;
			buildSettings = {
				ASSETCATALOG_COMPILER_APPICON_NAME = AppIcon;
				CODE_SIGN_STYLE = Automatic;
				DEVELOPMENT_ASSET_PATHS = "Gestures-Demo/Preview\\ Content";
				DEVELOPMENT_TEAM = B2Q8EGNCQA;
				ENABLE_PREVIEWS = YES;
				INFOPLIST_FILE = "Gestures-Demo/Info.plist";
				LD_RUNPATH_SEARCH_PATHS = (
					"$(inherited)",
					"@executable_path/Frameworks",
				);
				PRODUCT_BUNDLE_IDENTIFIER = "com.azamsharp.Gestures-Demo";
				PRODUCT_NAME = "$(TARGET_NAME)";
				SWIFT_VERSION = 5.0;
				TARGETED_DEVICE_FAMILY = "1,2";
			};
			name = Release;
		};
/* End XCBuildConfiguration section */

/* Begin XCConfigurationList section */
		8D55AA8F22C02B5B003DA3AD /* Build configuration list for PBXProject "Gestures-Demo" */ = {
			isa = XCConfigurationList;
			buildConfigurations = (
				8D55AAA622C02B5C003DA3AD /* Debug */,
				8D55AAA722C02B5C003DA3AD /* Release */,
			);
			defaultConfigurationIsVisible = 0;
			defaultConfigurationName = Release;
		};
		8D55AAA822C02B5C003DA3AD /* Build configuration list for PBXNativeTarget "Gestures-Demo" */ = {
			isa = XCConfigurationList;
			buildConfigurations = (
				8D55AAA922C02B5C003DA3AD /* Debug */,
				8D55AAAA22C02B5C003DA3AD /* Release */,
			);
			defaultConfigurationIsVisible = 0;
			defaultConfigurationName = Release;
		};
/* End XCConfigurationList section */
	};
	rootObject = 8D55AA8C22C02B5B003DA3AD /* Project object */;
}
